// !$*UTF8*$!
{
	archiveVersion = 1;
	classes = {
	};
	objectVersion = 46;
	objects = {

/* Begin PBXBuildFile section */
		32C3578420415D3D470F7608 /* Pods_twitter_clone.framework in Frameworks */ = {isa = PBXBuildFile; fileRef = 8687358B255DC9195F3FB88A /* Pods_twitter_clone.framework */; };
		7153D0A31E48684F003E753F /* UserHeaderFooter.swift in Sources */ = {isa = PBXBuildFile; fileRef = 7153D0A21E48684F003E753F /* UserHeaderFooter.swift */; };
		7153D0A51E48686E003E753F /* HomeDatasource.swift in Sources */ = {isa = PBXBuildFile; fileRef = 7153D0A41E48686E003E753F /* HomeDatasource.swift */; };
		7153D0A71E4A7D1A003E753F /* User.swift in Sources */ = {isa = PBXBuildFile; fileRef = 7153D0A61E4A7D1A003E753F /* User.swift */; };
		7153D0A91E4BB6A4003E753F /* UserCell.swift in Sources */ = {isa = PBXBuildFile; fileRef = 7153D0A81E4BB6A4003E753F /* UserCell.swift */; };
		71548AB31E47BB5600BAAA5F /* AppDelegate.swift in Sources */ = {isa = PBXBuildFile; fileRef = 71548AB21E47BB5600BAAA5F /* AppDelegate.swift */; };
		71548ABA1E47BB5600BAAA5F /* Assets.xcassets in Resources */ = {isa = PBXBuildFile; fileRef = 71548AB91E47BB5600BAAA5F /* Assets.xcassets */; };
		71548ABD1E47BB5600BAAA5F /* LaunchScreen.storyboard in Resources */ = {isa = PBXBuildFile; fileRef = 71548ABB1E47BB5600BAAA5F /* LaunchScreen.storyboard */; };
		71548AC51E47BD2E00BAAA5F /* HomeController.swift in Sources */ = {isa = PBXBuildFile; fileRef = 71548AC41E47BD2E00BAAA5F /* HomeController.swift */; };
		71C1295E1E485B400031C748 /* HomeDatasourceController.swift in Sources */ = {isa = PBXBuildFile; fileRef = 71C1295D1E485B400031C748 /* HomeDatasourceController.swift */; };
/* End PBXBuildFile section */

/* Begin PBXFileReference section */
		4E9101771285B983B64E5364 /* Pods-twitter-clone.release.xcconfig */ = {isa = PBXFileReference; includeInIndex = 1; lastKnownFileType = text.xcconfig; name = "Pods-twitter-clone.release.xcconfig"; path = "Pods/Target Support Files/Pods-twitter-clone/Pods-twitter-clone.release.xcconfig"; sourceTree = "<group>"; };
		7153D0A21E48684F003E753F /* UserHeaderFooter.swift */ = {isa = PBXFileReference; fileEncoding = 4; lastKnownFileType = sourcecode.swift; path = UserHeaderFooter.swift; sourceTree = "<group>"; };
		7153D0A41E48686E003E753F /* HomeDatasource.swift */ = {isa = PBXFileReference; fileEncoding = 4; lastKnownFileType = sourcecode.swift; path = HomeDatasource.swift; sourceTree = "<group>"; };
		7153D0A61E4A7D1A003E753F /* User.swift */ = {isa = PBXFileReference; fileEncoding = 4; lastKnownFileType = sourcecode.swift; path = User.swift; sourceTree = "<group>"; };
		7153D0A81E4BB6A4003E753F /* UserCell.swift */ = {isa = PBXFileReference; fileEncoding = 4; lastKnownFileType = sourcecode.swift; path = UserCell.swift; sourceTree = "<group>"; };
		71548AAF1E47BB5600BAAA5F /* twitter-clone.app */ = {isa = PBXFileReference; explicitFileType = wrapper.application; includeInIndex = 0; path = "twitter-clone.app"; sourceTree = BUILT_PRODUCTS_DIR; };
		71548AB21E47BB5600BAAA5F /* AppDelegate.swift */ = {isa = PBXFileReference; lastKnownFileType = sourcecode.swift; path = AppDelegate.swift; sourceTree = "<group>"; };
		71548AB91E47BB5600BAAA5F /* Assets.xcassets */ = {isa = PBXFileReference; lastKnownFileType = folder.assetcatalog; path = Assets.xcassets; sourceTree = "<group>"; };
		71548ABC1E47BB5600BAAA5F /* Base */ = {isa = PBXFileReference; lastKnownFileType = file.storyboard; name = Base; path = Base.lproj/LaunchScreen.storyboard; sourceTree = "<group>"; };
		71548ABE1E47BB5600BAAA5F /* Info.plist */ = {isa = PBXFileReference; lastKnownFileType = text.plist.xml; path = Info.plist; sourceTree = "<group>"; };
		71548AC41E47BD2E00BAAA5F /* HomeController.swift */ = {isa = PBXFileReference; fileEncoding = 4; lastKnownFileType = sourcecode.swift; path = HomeController.swift; sourceTree = "<group>"; };
		71C1295D1E485B400031C748 /* HomeDatasourceController.swift */ = {isa = PBXFileReference; fileEncoding = 4; lastKnownFileType = sourcecode.swift; path = HomeDatasourceController.swift; sourceTree = "<group>"; };
		8687358B255DC9195F3FB88A /* Pods_twitter_clone.framework */ = {isa = PBXFileReference; explicitFileType = wrapper.framework; includeInIndex = 0; path = Pods_twitter_clone.framework; sourceTree = BUILT_PRODUCTS_DIR; };
		D40C2706658309D3EE5F90B4 /* Pods-twitter-clone.debug.xcconfig */ = {isa = PBXFileReference; includeInIndex = 1; lastKnownFileType = text.xcconfig; name = "Pods-twitter-clone.debug.xcconfig"; path = "Pods/Target Support Files/Pods-twitter-clone/Pods-twitter-clone.debug.xcconfig"; sourceTree = "<group>"; };
/* End PBXFileReference section */

/* Begin PBXFrameworksBuildPhase section */
		71548AAC1E47BB5500BAAA5F /* Frameworks */ = {
			isa = PBXFrameworksBuildPhase;
			buildActionMask = 2147483647;
			files = (
				32C3578420415D3D470F7608 /* Pods_twitter_clone.framework in Frameworks */,
			);
			runOnlyForDeploymentPostprocessing = 0;
		};
/* End PBXFrameworksBuildPhase section */

/* Begin PBXGroup section */
		1AF283E1678D529C0D47C4E0 /* Pods */ = {
			isa = PBXGroup;
			children = (
				D40C2706658309D3EE5F90B4 /* Pods-twitter-clone.debug.xcconfig */,
				4E9101771285B983B64E5364 /* Pods-twitter-clone.release.xcconfig */,
			);
			name = Pods;
			sourceTree = "<group>";
		};
		3558B8EC5966A662762AD64F /* Frameworks */ = {
			isa = PBXGroup;
			children = (
				8687358B255DC9195F3FB88A /* Pods_twitter_clone.framework */,
			);
			name = Frameworks;
			sourceTree = "<group>";
		};
		7153D09F1E486831003E753F /* Controller */ = {
			isa = PBXGroup;
			children = (
				71C1295D1E485B400031C748 /* HomeDatasourceController.swift */,
			);
			name = Controller;
			sourceTree = "<group>";
		};
		7153D0A01E486837003E753F /* Model */ = {
			isa = PBXGroup;
			children = (
				7153D0A41E48686E003E753F /* HomeDatasource.swift */,
				7153D0A61E4A7D1A003E753F /* User.swift */,
			);
			name = Model;
			sourceTree = "<group>";
		};
		7153D0A11E48683E003E753F /* View */ = {
			isa = PBXGroup;
			children = (
				7153D0A21E48684F003E753F /* UserHeaderFooter.swift */,
				7153D0A81E4BB6A4003E753F /* UserCell.swift */,
			);
			name = View;
			sourceTree = "<group>";
		};
		71548AA61E47BB5500BAAA5F = {
			isa = PBXGroup;
			children = (
				71548AB11E47BB5600BAAA5F /* twitter-clone */,
				71548AB01E47BB5600BAAA5F /* Products */,
				1AF283E1678D529C0D47C4E0 /* Pods */,
				3558B8EC5966A662762AD64F /* Frameworks */,
			);
			sourceTree = "<group>";
		};
		71548AB01E47BB5600BAAA5F /* Products */ = {
			isa = PBXGroup;
			children = (
				71548AAF1E47BB5600BAAA5F /* twitter-clone.app */,
			);
			name = Products;
			sourceTree = "<group>";
		};
		71548AB11E47BB5600BAAA5F /* twitter-clone */ = {
			isa = PBXGroup;
			children = (
				7153D0A01E486837003E753F /* Model */,
				7153D0A11E48683E003E753F /* View */,
				7153D09F1E486831003E753F /* Controller */,
				71548AB21E47BB5600BAAA5F /* AppDelegate.swift */,
				71548AC41E47BD2E00BAAA5F /* HomeController.swift */,
				71548AB91E47BB5600BAAA5F /* Assets.xcassets */,
				71548ABB1E47BB5600BAAA5F /* LaunchScreen.storyboard */,
				71548ABE1E47BB5600BAAA5F /* Info.plist */,
			);
			path = "twitter-clone";
			sourceTree = "<group>";
		};
/* End PBXGroup section */

/* Begin PBXNativeTarget section */
		71548AAE1E47BB5500BAAA5F /* twitter-clone */ = {
			isa = PBXNativeTarget;
			buildConfigurationList = 71548AC11E47BB5600BAAA5F /* Build configuration list for PBXNativeTarget "twitter-clone" */;
			buildPhases = (
				6249A60E6E8059C6D38FB68E /* [CP] Check Pods Manifest.lock */,
				71548AAB1E47BB5500BAAA5F /* Sources */,
				71548AAC1E47BB5500BAAA5F /* Frameworks */,
				71548AAD1E47BB5500BAAA5F /* Resources */,
				51FD6B77D15DDDAAFE9B9B02 /* [CP] Embed Pods Frameworks */,
				BDB088F0C9599E9F9D97D2A2 /* [CP] Copy Pods Resources */,
			);
			buildRules = (
			);
			dependencies = (
			);
			name = "twitter-clone";
			productName = "twitter-clone";
			productReference = 71548AAF1E47BB5600BAAA5F /* twitter-clone.app */;
			productType = "com.apple.product-type.application";
		};
/* End PBXNativeTarget section */

/* Begin PBXProject section */
		71548AA71E47BB5500BAAA5F /* Project object */ = {
			isa = PBXProject;
			attributes = {
				LastSwiftUpdateCheck = 0820;
				LastUpgradeCheck = 0820;
				ORGANIZATIONNAME = "Awa Sun Yin";
				TargetAttributes = {
					71548AAE1E47BB5500BAAA5F = {
						CreatedOnToolsVersion = 8.2.1;
						DevelopmentTeam = 8UENP93SBV;
						ProvisioningStyle = Automatic;
					};
				};
			};
			buildConfigurationList = 71548AAA1E47BB5500BAAA5F /* Build configuration list for PBXProject "twitter-clone" */;
			compatibilityVersion = "Xcode 3.2";
			developmentRegion = English;
			hasScannedForEncodings = 0;
			knownRegions = (
				en,
				Base,
			);
			mainGroup = 71548AA61E47BB5500BAAA5F;
			productRefGroup = 71548AB01E47BB5600BAAA5F /* Products */;
			projectDirPath = "";
			projectRoot = "";
			targets = (
				71548AAE1E47BB5500BAAA5F /* twitter-clone */,
			);
		};
/* End PBXProject section */

/* Begin PBXResourcesBuildPhase section */
		71548AAD1E47BB5500BAAA5F /* Resources */ = {
			isa = PBXResourcesBuildPhase;
			buildActionMask = 2147483647;
			files = (
				71548ABD1E47BB5600BAAA5F /* LaunchScreen.storyboard in Resources */,
				71548ABA1E47BB5600BAAA5F /* Assets.xcassets in Resources */,
			);
			runOnlyForDeploymentPostprocessing = 0;
		};
/* End PBXResourcesBuildPhase section */

/* Begin PBXShellScriptBuildPhase section */
		51FD6B77D15DDDAAFE9B9B02 /* [CP] Embed Pods Frameworks */ = {
			isa = PBXShellScriptBuildPhase;
			buildActionMask = 2147483647;
			files = (
			);
			inputPaths = (
			);
			name = "[CP] Embed Pods Frameworks";
			outputPaths = (
			);
			runOnlyForDeploymentPostprocessing = 0;
			shellPath = /bin/sh;
			shellScript = "\"${SRCROOT}/Pods/Target Support Files/Pods-twitter-clone/Pods-twitter-clone-frameworks.sh\"\n";
			showEnvVarsInLog = 0;
		};
		6249A60E6E8059C6D38FB68E /* [CP] Check Pods Manifest.lock */ = {
			isa = PBXShellScriptBuildPhase;
			buildActionMask = 2147483647;
			files = (
			);
			inputPaths = (
			);
			name = "[CP] Check Pods Manifest.lock";
			outputPaths = (
			);
			runOnlyForDeploymentPostprocessing = 0;
			shellPath = /bin/sh;
			shellScript = "diff \"${PODS_ROOT}/../Podfile.lock\" \"${PODS_ROOT}/Manifest.lock\" > /dev/null\nif [[ $? != 0 ]] ; then\n    cat << EOM\nerror: The sandbox is not in sync with the Podfile.lock. Run 'pod install' or update your CocoaPods installation.\nEOM\n    exit 1\nfi\n";
			showEnvVarsInLog = 0;
		};
		BDB088F0C9599E9F9D97D2A2 /* [CP] Copy Pods Resources */ = {
			isa = PBXShellScriptBuildPhase;
			buildActionMask = 2147483647;
			files = (
			);
			inputPaths = (
			);
			name = "[CP] Copy Pods Resources";
			outputPaths = (
			);
			runOnlyForDeploymentPostprocessing = 0;
			shellPath = /bin/sh;
			shellScript = "\"${SRCROOT}/Pods/Target Support Files/Pods-twitter-clone/Pods-twitter-clone-resources.sh\"\n";
			showEnvVarsInLog = 0;
		};
/* End PBXShellScriptBuildPhase section */

/* Begin PBXSourcesBuildPhase section */
		71548AAB1E47BB5500BAAA5F /* Sources */ = {
			isa = PBXSourcesBuildPhase;
			buildActionMask = 2147483647;
			files = (
				7153D0A51E48686E003E753F /* HomeDatasource.swift in Sources */,
				71C1295E1E485B400031C748 /* HomeDatasourceController.swift in Sources */,
				7153D0A71E4A7D1A003E753F /* User.swift in Sources */,
				7153D0A31E48684F003E753F /* UserHeaderFooter.swift in Sources */,
				71548AB31E47BB5600BAAA5F /* AppDelegate.swift in Sources */,
				71548AC51E47BD2E00BAAA5F /* HomeController.swift in Sources */,
				7153D0A91E4BB6A4003E753F /* UserCell.swift in Sources */,
			);
			runOnlyForDeploymentPostprocessing = 0;
		};
/* End PBXSourcesBuildPhase section */

/* Begin PBXVariantGroup section */
		71548ABB1E47BB5600BAAA5F /* LaunchScreen.storyboard */ = {
			isa = PBXVariantGroup;
			children = (
				71548ABC1E47BB5600BAAA5F /* Base */,
			);
			name = LaunchScreen.storyboard;
			sourceTree = "<group>";
		};
/* End PBXVariantGroup section */

/* Begin XCBuildConfiguration section */
		71548ABF1E47BB5600BAAA5F /* Debug */ = {
			isa = XCBuildConfiguration;
			buildSettings = {
				ALWAYS_SEARCH_USER_PATHS = NO;
				CLANG_ANALYZER_NONNULL = YES;
				CLANG_CXX_LANGUAGE_STANDARD = "gnu++0x";
				CLANG_CXX_LIBRARY = "libc++";
				CLANG_ENABLE_MODULES = YES;
				CLANG_ENABLE_OBJC_ARC = YES;
				CLANG_WARN_BOOL_CONVERSION = YES;
				CLANG_WARN_CONSTANT_CONVERSION = YES;
				CLANG_WARN_DIRECT_OBJC_ISA_USAGE = YES_ERROR;
				CLANG_WARN_DOCUMENTATION_COMMENTS = YES;
				CLANG_WARN_EMPTY_BODY = YES;
				CLANG_WARN_ENUM_CONVERSION = YES;
				CLANG_WARN_INFINITE_RECURSION = YES;
				CLANG_WARN_INT_CONVERSION = YES;
				CLANG_WARN_OBJC_ROOT_CLASS = YES_ERROR;
				CLANG_WARN_SUSPICIOUS_MOVE = YES;
				CLANG_WARN_UNREACHABLE_CODE = YES;
				CLANG_WARN__DUPLICATE_METHOD_MATCH = YES;
				"CODE_SIGN_IDENTITY[sdk=iphoneos*]" = "iPhone Developer";
				COPY_PHASE_STRIP = NO;
				DEBUG_INFORMATION_FORMAT = dwarf;
				ENABLE_STRICT_OBJC_MSGSEND = YES;
				ENABLE_TESTABILITY = YES;
				GCC_C_LANGUAGE_STANDARD = gnu99;
				GCC_DYNAMIC_NO_PIC = NO;
				GCC_NO_COMMON_BLOCKS = YES;
				GCC_OPTIMIZATION_LEVEL = 0;
				GCC_PREPROCESSOR_DEFINITIONS = (
					"DEBUG=1",
					"$(inherited)",
				);
				GCC_WARN_64_TO_32_BIT_CONVERSION = YES;
				GCC_WARN_ABOUT_RETURN_TYPE = YES_ERROR;
				GCC_WARN_UNDECLARED_SELECTOR = YES;
				GCC_WARN_UNINITIALIZED_AUTOS = YES_AGGRESSIVE;
				GCC_WARN_UNUSED_FUNCTION = YES;
				GCC_WARN_UNUSED_VARIABLE = YES;
				IPHONEOS_DEPLOYMENT_TARGET = 10.2;
				MTL_ENABLE_DEBUG_INFO = YES;
				ONLY_ACTIVE_ARCH = YES;
				SDKROOT = iphoneos;
				SWIFT_ACTIVE_COMPILATION_CONDITIONS = DEBUG;
				SWIFT_OPTIMIZATION_LEVEL = "-Onone";
			};
			name = Debug;
		};
		71548AC01E47BB5600BAAA5F /* Release */ = {
			isa = XCBuildConfiguration;
			buildSettings = {
				ALWAYS_SEARCH_USER_PATHS = NO;
				CLANG_ANALYZER_NONNULL = YES;
				CLANG_CXX_LANGUAGE_STANDARD = "gnu++0x";
				CLANG_CXX_LIBRARY = "libc++";
				CLANG_ENABLE_MODULES = YES;
				CLANG_ENABLE_OBJC_ARC = YES;
				CLANG_WARN_BOOL_CONVERSION = YES;
				CLANG_WARN_CONSTANT_CONVERSION = YES;
				CLANG_WARN_DIRECT_OBJC_ISA_USAGE = YES_ERROR;
				CLANG_WARN_DOCUMENTATION_COMMENTS = YES;
				CLANG_WARN_EMPTY_BODY = YES;
				CLANG_WARN_ENUM_CONVERSION = YES;
				CLANG_WARN_INFINITE_RECURSION = YES;
				CLANG_WARN_INT_CONVERSION = YES;
				CLANG_WARN_OBJC_ROOT_CLASS = YES_ERROR;
				CLANG_WARN_SUSPICIOUS_MOVE = YES;
				CLANG_WARN_UNREACHABLE_CODE = YES;
				CLANG_WARN__DUPLICATE_METHOD_MATCH = YES;
				"CODE_SIGN_IDENTITY[sdk=iphoneos*]" = "iPhone Developer";
				COPY_PHASE_STRIP = NO;
				DEBUG_INFORMATION_FORMAT = "dwarf-with-dsym";
				ENABLE_NS_ASSERTIONS = NO;
				ENABLE_STRICT_OBJC_MSGSEND = YES;
				GCC_C_LANGUAGE_STANDARD = gnu99;
				GCC_NO_COMMON_BLOCKS = YES;
				GCC_WARN_64_TO_32_BIT_CONVERSION = YES;
				GCC_WARN_ABOUT_RETURN_TYPE = YES_ERROR;
				GCC_WARN_UNDECLARED_SELECTOR = YES;
				GCC_WARN_UNINITIALIZED_AUTOS = YES_AGGRESSIVE;
				GCC_WARN_UNUSED_FUNCTION = YES;
				GCC_WARN_UNUSED_VARIABLE = YES;
				IPHONEOS_DEPLOYMENT_TARGET = 10.2;
				MTL_ENABLE_DEBUG_INFO = NO;
				SDKROOT = iphoneos;
				SWIFT_OPTIMIZATION_LEVEL = "-Owholemodule";
				VALIDATE_PRODUCT = YES;
			};
			name = Release;
		};
		71548AC21E47BB5600BAAA5F /* Debug */ = {
			isa = XCBuildConfiguration;
			baseConfigurationReference = D40C2706658309D3EE5F90B4 /* Pods-twitter-clone.debug.xcconfig */;
			buildSettings = {
				ALWAYS_EMBED_SWIFT_STANDARD_LIBRARIES = YES;
				ASSETCATALOG_COMPILER_APPICON_NAME = AppIcon;
				DEVELOPMENT_TEAM = 8UENP93SBV;
				INFOPLIST_FILE = "twitter-clone/Info.plist";
				LD_RUNPATH_SEARCH_PATHS = "$(inherited) @executable_path/Frameworks";
				PRODUCT_BUNDLE_IDENTIFIER = "com.awasunyin.twitter-clone";
				PRODUCT_NAME = "$(TARGET_NAME)";
				SWIFT_VERSION = 3.0;
			};
			name = Debug;
		};
		71548AC31E47BB5600BAAA5F /* Release */ = {
			isa = XCBuildConfiguration;
			baseConfigurationReference = 4E9101771285B983B64E5364 /* Pods-twitter-clone.release.xcconfig */;
			buildSettings = {
				ALWAYS_EMBED_SWIFT_STANDARD_LIBRARIES = YES;
				ASSETCATALOG_COMPILER_APPICON_NAME = AppIcon;
				DEVELOPMENT_TEAM = 8UENP93SBV;
				INFOPLIST_FILE = "twitter-clone/Info.plist";
				LD_RUNPATH_SEARCH_PATHS = "$(inherited) @executable_path/Frameworks";
				PRODUCT_BUNDLE_IDENTIFIER = "com.awasunyin.twitter-clone";
				PRODUCT_NAME = "$(TARGET_NAME)";
				SWIFT_VERSION = 3.0;
			};
			name = Release;
		};
/* End XCBuildConfiguration section */

/* Begin XCConfigurationList section */
		71548AAA1E47BB5500BAAA5F /* Build configuration list for PBXProject "twitter-clone" */ = {
			isa = XCConfigurationList;
			buildConfigurations = (
				71548ABF1E47BB5600BAAA5F /* Debug */,
				71548AC01E47BB5600BAAA5F /* Release */,
			);
			defaultConfigurationIsVisible = 0;
			defaultConfigurationName = Release;
		};
		71548AC11E47BB5600BAAA5F /* Build configuration list for PBXNativeTarget "twitter-clone" */ = {
			isa = XCConfigurationList;
			buildConfigurations = (
				71548AC21E47BB5600BAAA5F /* Debug */,
				71548AC31E47BB5600BAAA5F /* Release */,
			);
			defaultConfigurationIsVisible = 0;
			defaultConfigurationName = Release;
		};
/* End XCConfigurationList section */
	};
	rootObject = 71548AA71E47BB5500BAAA5F /* Project object */;
}
